PODS:
  - FontBlaster (4.1.0)
  - mtpFontManager (1.0.6)

DEPENDENCIES:
  - FontBlaster
  - mtpFontManager (from `../`)

SPEC REPOS:
  https://github.com/cocoapods/specs.git:
    - FontBlaster

EXTERNAL SOURCES:
  mtpFontManager:
    :path: "../"

SPEC CHECKSUMS:
  FontBlaster: 127aa66419478d1c62926c7fdb39841633344a45
  mtpFontManager: d1c2da2b23e5e316122655999ca0380f20194dfd

PODFILE CHECKSUM: b88cdcda4f78b03db802ad3125f64d7ecca7cabb

COCOAPODS: 1.5.3
